{
  "name": "NewCocosProject",
  "lockfileVersion": 2,
  "requires": true,
  "packages": {
    "": {
      "name": "NewCocosProject",
      "dependencies": {
        "fairygui-cc": "latest"
      }
    },
    "node_modules/@types/node": {
      "version": "14.18.63",
      "resolved": "https://registry.npmmirror.com/@types/node/-/node-14.18.63.tgz",
      "integrity": "sha512-fAtCfv4jJg+ExtXhvCkCqUKZ+4ok/JQk01qDKhL5BDDoS3AxKXhV5/MAVUZyQnSEd2GT92fkgZl0pz0Q0AzcIQ=="
    },
    "node_modules/fairygui-cc": {
      "version": "1.1.1",
      "resolved": "https://registry.npmmirror.com/fairygui-cc/-/fairygui-cc-1.1.1.tgz",
      "integrity": "sha512-jZ/+3INoHDiJN7ftC5I+qUKxqusZDiAGHgpBneITCjgn9M4uiWL4uLQSfFV+QkRj2nBJ7GGwpRjK0j0RnU1AZw==",
      "dependencies": {
        "@types/node": "^14.0.1",
        "lodash": "^4.17.15"
      }
    },
    "node_modules/lodash": {
      "version": "4.17.21",
      "resolved": "https://registry.npmmirror.com/lodash/-/lodash-4.17.21.tgz",
      "integrity": "sha512-v2kDEe57lecTulaDIuNTPy3Ry4gLGJ6Z1O3vE1krgXZNrsQ+LFTGHVxVjcXPs17LhbZVGedAJv8XZ1tvj5FvSg=="
    }
  },
  "dependencies": {
    "@types/node": {
      "version": "14.18.63",
      "resolved": "https://registry.npmmirror.com/@types/node/-/node-14.18.63.tgz",
      "integrity": "sha512-fAtCfv4jJg+ExtXhvCkCqUKZ+4ok/JQk01qDKhL5BDDoS3AxKXhV5/MAVUZyQnSEd2GT92fkgZl0pz0Q0AzcIQ=="
    },
    "fairygui-cc": {
      "version": "1.1.1",
      "resolved": "https://registry.npmmirror.com/fairygui-cc/-/fairygui-cc-1.1.1.tgz",
      "integrity": "sha512-jZ/+3INoHDiJN7ftC5I+qUKxqusZDiAGHgpBneITCjgn9M4uiWL4uLQSfFV+QkRj2nBJ7GGwpRjK0j0RnU1AZw==",
      "requires": {
        "@types/node": "^14.0.1",
        "lodash": "^4.17.15"
      }
    },
    "lodash": {
      "version": "4.17.21",
      "resolved": "https://registry.npmmirror.com/lodash/-/lodash-4.17.21.tgz",
      "integrity": "sha512-v2kDEe57lecTulaDIuNTPy3Ry4gLGJ6Z1O3vE1krgXZNrsQ+LFTGHVxVjcXPs17LhbZVGedAJv8XZ1tvj5FvSg=="
    }
  }
}
